// !$*UTF8*$!
{
	archiveVersion = 1;
	classes = {
	};
	objectVersion = 48;
	objects = {

/* Begin PBXBuildFile section */
		6DF11BA2200930F900A3C7F2 /* AppDelegate.swift in Sources */ = {isa = PBXBuildFile; fileRef = 6DF11BA1200930F900A3C7F2 /* AppDelegate.swift */; };
		6DF11BA4200930F900A3C7F2 /* ViewController.swift in Sources */ = {isa = PBXBuildFile; fileRef = 6DF11BA3200930F900A3C7F2 /* ViewController.swift */; };
		6DF11BA7200930F900A3C7F2 /* Main.storyboard in Resources */ = {isa = PBXBuildFile; fileRef = 6DF11BA5200930F900A3C7F2 /* Main.storyboard */; };
		6DF11BA9200930F900A3C7F2 /* Assets.xcassets in Resources */ = {isa = PBXBuildFile; fileRef = 6DF11BA8200930F900A3C7F2 /* Assets.xcassets */; };
		6DF11BAC200930F900A3C7F2 /* LaunchScreen.storyboard in Resources */ = {isa = PBXBuildFile; fileRef = 6DF11BAA200930F900A3C7F2 /* LaunchScreen.storyboard */; };
		6DF11BB7200930F900A3C7F2 /* FlattenMyArrayTests.swift in Sources */ = {isa = PBXBuildFile; fileRef = 6DF11BB6200930F900A3C7F2 /* FlattenMyArrayTests.swift */; };
		6DF11BC2200930F900A3C7F2 /* FlattenMyArrayUITests.swift in Sources */ = {isa = PBXBuildFile; fileRef = 6DF11BC1200930F900A3C7F2 /* FlattenMyArrayUITests.swift */; };
/* End PBXBuildFile section */

/* Begin PBXContainerItemProxy section */
		6DF11BB3200930F900A3C7F2 /* PBXContainerItemProxy */ = {
			isa = PBXContainerItemProxy;
			containerPortal = 6DF11B96200930F900A3C7F2 /* Project object */;
			proxyType = 1;
			remoteGlobalIDString = 6DF11B9D200930F900A3C7F2;
			remoteInfo = FlattenMyArray;
		};
		6DF11BBE200930F900A3C7F2 /* PBXContainerItemProxy */ = {
			isa = PBXContainerItemProxy;
			containerPortal = 6DF11B96200930F900A3C7F2 /* Project object */;
			proxyType = 1;
			remoteGlobalIDString = 6DF11B9D200930F900A3C7F2;
			remoteInfo = FlattenMyArray;
		};
/* End PBXContainerItemProxy section */

/* Begin PBXFileReference section */
		6DF11B9E200930F900A3C7F2 /* FlattenMyArray.app */ = {isa = PBXFileReference; explicitFileType = wrapper.application; includeInIndex = 0; path = FlattenMyArray.app; sourceTree = BUILT_PRODUCTS_DIR; };
		6DF11BA1200930F900A3C7F2 /* AppDelegate.swift */ = {isa = PBXFileReference; lastKnownFileType = sourcecode.swift; path = AppDelegate.swift; sourceTree = "<group>"; };
		6DF11BA3200930F900A3C7F2 /* ViewController.swift */ = {isa = PBXFileReference; lastKnownFileType = sourcecode.swift; path = ViewController.swift; sourceTree = "<group>"; };
		6DF11BA6200930F900A3C7F2 /* Base */ = {isa = PBXFileReference; lastKnownFileType = file.storyboard; name = Base; path = Base.lproj/Main.storyboard; sourceTree = "<group>"; };
		6DF11BA8200930F900A3C7F2 /* Assets.xcassets */ = {isa = PBXFileReference; lastKnownFileType = folder.assetcatalog; path = Assets.xcassets; sourceTree = "<group>"; };
		6DF11BAB200930F900A3C7F2 /* Base */ = {isa = PBXFileReference; lastKnownFileType = file.storyboard; name = Base; path = Base.lproj/LaunchScreen.storyboard; sourceTree = "<group>"; };
		6DF11BAD200930F900A3C7F2 /* Info.plist */ = {isa = PBXFileReference; lastKnownFileType = text.plist.xml; path = Info.plist; sourceTree = "<group>"; };
		6DF11BB2200930F900A3C7F2 /* FlattenMyArrayTests.xctest */ = {isa = PBXFileReference; explicitFileType = wrapper.cfbundle; includeInIndex = 0; path = FlattenMyArrayTests.xctest; sourceTree = BUILT_PRODUCTS_DIR; };
		6DF11BB6200930F900A3C7F2 /* FlattenMyArrayTests.swift */ = {isa = PBXFileReference; lastKnownFileType = sourcecode.swift; path = FlattenMyArrayTests.swift; sourceTree = "<group>"; };
		6DF11BB8200930F900A3C7F2 /* Info.plist */ = {isa = PBXFileReference; lastKnownFileType = text.plist.xml; path = Info.plist; sourceTree = "<group>"; };
		6DF11BBD200930F900A3C7F2 /* FlattenMyArrayUITests.xctest */ = {isa = PBXFileReference; explicitFileType = wrapper.cfbundle; includeInIndex = 0; path = FlattenMyArrayUITests.xctest; sourceTree = BUILT_PRODUCTS_DIR; };
		6DF11BC1200930F900A3C7F2 /* FlattenMyArrayUITests.swift */ = {isa = PBXFileReference; lastKnownFileType = sourcecode.swift; path = FlattenMyArrayUITests.swift; sourceTree = "<group>"; };
		6DF11BC3200930F900A3C7F2 /* Info.plist */ = {isa = PBXFileReference; lastKnownFileType = text.plist.xml; path = Info.plist; sourceTree = "<group>"; };
/* End PBXFileReference section */

/* Begin PBXFrameworksBuildPhase section */
		6DF11B9B200930F900A3C7F2 /* Frameworks */ = {
			isa = PBXFrameworksBuildPhase;
			buildActionMask = 2147483647;
			files = (
			);
			runOnlyForDeploymentPostprocessing = 0;
		};
		6DF11BAF200930F900A3C7F2 /* Frameworks */ = {
			isa = PBXFrameworksBuildPhase;
			buildActionMask = 2147483647;
			files = (
			);
			runOnlyForDeploymentPostprocessing = 0;
		};
		6DF11BBA200930F900A3C7F2 /* Frameworks */ = {
			isa = PBXFrameworksBuildPhase;
			buildActionMask = 2147483647;
			files = (
			);
			runOnlyForDeploymentPostprocessing = 0;
		};
/* End PBXFrameworksBuildPhase section */

/* Begin PBXGroup section */
		6DF11B95200930F900A3C7F2 = {
			isa = PBXGroup;
			children = (
				6DF11BA0200930F900A3C7F2 /* FlattenMyArray */,
				6DF11BB5200930F900A3C7F2 /* FlattenMyArrayTests */,
				6DF11BC0200930F900A3C7F2 /* FlattenMyArrayUITests */,
				6DF11B9F200930F900A3C7F2 /* Products */,
			);
			sourceTree = "<group>";
		};
		6DF11B9F200930F900A3C7F2 /* Products */ = {
			isa = PBXGroup;
			children = (
				6DF11B9E200930F900A3C7F2 /* FlattenMyArray.app */,
				6DF11BB2200930F900A3C7F2 /* FlattenMyArrayTests.xctest */,
				6DF11BBD200930F900A3C7F2 /* FlattenMyArrayUITests.xctest */,
			);
			name = Products;
			sourceTree = "<group>";
		};
		6DF11BA0200930F900A3C7F2 /* FlattenMyArray */ = {
			isa = PBXGroup;
			children = (
				6DF11BA1200930F900A3C7F2 /* AppDelegate.swift */,
				6DF11BA3200930F900A3C7F2 /* ViewController.swift */,
				6DF11BA5200930F900A3C7F2 /* Main.storyboard */,
				6DF11BA8200930F900A3C7F2 /* Assets.xcassets */,
				6DF11BAA200930F900A3C7F2 /* LaunchScreen.storyboard */,
				6DF11BAD200930F900A3C7F2 /* Info.plist */,
			);
			path = FlattenMyArray;
			sourceTree = "<group>";
		};
		6DF11BB5200930F900A3C7F2 /* FlattenMyArrayTests */ = {
			isa = PBXGroup;
			children = (
				6DF11BB6200930F900A3C7F2 /* FlattenMyArrayTests.swift */,
				6DF11BB8200930F900A3C7F2 /* Info.plist */,
			);
			path = FlattenMyArrayTests;
			sourceTree = "<group>";
		};
		6DF11BC0200930F900A3C7F2 /* FlattenMyArrayUITests */ = {
			isa = PBXGroup;
			children = (
				6DF11BC1200930F900A3C7F2 /* FlattenMyArrayUITests.swift */,
				6DF11BC3200930F900A3C7F2 /* Info.plist */,
			);
			path = FlattenMyArrayUITests;
			sourceTree = "<group>";
		};
/* End PBXGroup section */

/* Begin PBXNativeTarget section */
		6DF11B9D200930F900A3C7F2 /* FlattenMyArray */ = {
			isa = PBXNativeTarget;
			buildConfigurationList = 6DF11BC6200930F900A3C7F2 /* Build configuration list for PBXNativeTarget "FlattenMyArray" */;
			buildPhases = (
				6DF11B9A200930F900A3C7F2 /* Sources */,
				6DF11B9B200930F900A3C7F2 /* Frameworks */,
				6DF11B9C200930F900A3C7F2 /* Resources */,
			);
			buildRules = (
			);
			dependencies = (
			);
			name = FlattenMyArray;
			productName = FlattenMyArray;
			productReference = 6DF11B9E200930F900A3C7F2 /* FlattenMyArray.app */;
			productType = "com.apple.product-type.application";
		};
		6DF11BB1200930F900A3C7F2 /* FlattenMyArrayTests */ = {
			isa = PBXNativeTarget;
			buildConfigurationList = 6DF11BC9200930F900A3C7F2 /* Build configuration list for PBXNativeTarget "FlattenMyArrayTests" */;
			buildPhases = (
				6DF11BAE200930F900A3C7F2 /* Sources */,
				6DF11BAF200930F900A3C7F2 /* Frameworks */,
				6DF11BB0200930F900A3C7F2 /* Resources */,
			);
			buildRules = (
			);
			dependencies = (
				6DF11BB4200930F900A3C7F2 /* PBXTargetDependency */,
			);
			name = FlattenMyArrayTests;
			productName = FlattenMyArrayTests;
			productReference = 6DF11BB2200930F900A3C7F2 /* FlattenMyArrayTests.xctest */;
			productType = "com.apple.product-type.bundle.unit-test";
		};
		6DF11BBC200930F900A3C7F2 /* FlattenMyArrayUITests */ = {
			isa = PBXNativeTarget;
			buildConfigurationList = 6DF11BCC200930F900A3C7F2 /* Build configuration list for PBXNativeTarget "FlattenMyArrayUITests" */;
			buildPhases = (
				6DF11BB9200930F900A3C7F2 /* Sources */,
				6DF11BBA200930F900A3C7F2 /* Frameworks */,
				6DF11BBB200930F900A3C7F2 /* Resources */,
			);
			buildRules = (
			);
			dependencies = (
				6DF11BBF200930F900A3C7F2 /* PBXTargetDependency */,
			);
			name = FlattenMyArrayUITests;
			productName = FlattenMyArrayUITests;
			productReference = 6DF11BBD200930F900A3C7F2 /* FlattenMyArrayUITests.xctest */;
			productType = "com.apple.product-type.bundle.ui-testing";
		};
/* End PBXNativeTarget section */

/* Begin PBXProject section */
		6DF11B96200930F900A3C7F2 /* Project object */ = {
			isa = PBXProject;
			attributes = {
				LastSwiftUpdateCheck = 0920;
				LastUpgradeCheck = 0920;
				ORGANIZATIONNAME = "Asil Erguner";
				TargetAttributes = {
					6DF11B9D200930F900A3C7F2 = {
						CreatedOnToolsVersion = 9.2;
						ProvisioningStyle = Automatic;
					};
					6DF11BB1200930F900A3C7F2 = {
						CreatedOnToolsVersion = 9.2;
						ProvisioningStyle = Automatic;
						TestTargetID = 6DF11B9D200930F900A3C7F2;
					};
					6DF11BBC200930F900A3C7F2 = {
						CreatedOnToolsVersion = 9.2;
						ProvisioningStyle = Automatic;
						TestTargetID = 6DF11B9D200930F900A3C7F2;
					};
				};
			};
			buildConfigurationList = 6DF11B99200930F900A3C7F2 /* Build configuration list for PBXProject "FlattenMyArray" */;
			compatibilityVersion = "Xcode 8.0";
			developmentRegion = en;
			hasScannedForEncodings = 0;
			knownRegions = (
				en,
				Base,
			);
			mainGroup = 6DF11B95200930F900A3C7F2;
			productRefGroup = 6DF11B9F200930F900A3C7F2 /* Products */;
			projectDirPath = "";
			projectRoot = "";
			targets = (
				6DF11B9D200930F900A3C7F2 /* FlattenMyArray */,
				6DF11BB1200930F900A3C7F2 /* FlattenMyArrayTests */,
				6DF11BBC200930F900A3C7F2 /* FlattenMyArrayUITests */,
			);
		};
/* End PBXProject section */

/* Begin PBXResourcesBuildPhase section */
		6DF11B9C200930F900A3C7F2 /* Resources */ = {
			isa = PBXResourcesBuildPhase;
			buildActionMask = 2147483647;
			files = (
				6DF11BAC200930F900A3C7F2 /* LaunchScreen.storyboard in Resources */,
				6DF11BA9200930F900A3C7F2 /* Assets.xcassets in Resources */,
				6DF11BA7200930F900A3C7F2 /* Main.storyboard in Resources */,
			);
			runOnlyForDeploymentPostprocessing = 0;
		};
		6DF11BB0200930F900A3C7F2 /* Resources */ = {
			isa = PBXResourcesBuildPhase;
			buildActionMask = 2147483647;
			files = (
			);
			runOnlyForDeploymentPostprocessing = 0;
		};
		6DF11BBB200930F900A3C7F2 /* Resources */ = {
			isa = PBXResourcesBuildPhase;
			buildActionMask = 2147483647;
			files = (
			);
			runOnlyForDeploymentPostprocessing = 0;
		};
/* End PBXResourcesBuildPhase section */

/* Begin PBXSourcesBuildPhase section */
		6DF11B9A200930F900A3C7F2 /* Sources */ = {
			isa = PBXSourcesBuildPhase;
			buildActionMask = 2147483647;
			files = (
				6DF11BA4200930F900A3C7F2 /* ViewController.swift in Sources */,
				6DF11BA2200930F900A3C7F2 /* AppDelegate.swift in Sources */,
			);
			runOnlyForDeploymentPostprocessing = 0;
		};
		6DF11BAE200930F900A3C7F2 /* Sources */ = {
			isa = PBXSourcesBuildPhase;
			buildActionMask = 2147483647;
			files = (
				6DF11BB7200930F900A3C7F2 /* FlattenMyArrayTests.swift in Sources */,
			);
			runOnlyForDeploymentPostprocessing = 0;
		};
		6DF11BB9200930F900A3C7F2 /* Sources */ = {
			isa = PBXSourcesBuildPhase;
			buildActionMask = 2147483647;
			files = (
				6DF11BC2200930F900A3C7F2 /* FlattenMyArrayUITests.swift in Sources */,
			);
			runOnlyForDeploymentPostprocessing = 0;
		};
/* End PBXSourcesBuildPhase section */

/* Begin PBXTargetDependency section */
		6DF11BB4200930F900A3C7F2 /* PBXTargetDependency */ = {
			isa = PBXTargetDependency;
			target = 6DF11B9D200930F900A3C7F2 /* FlattenMyArray */;
			targetProxy = 6DF11BB3200930F900A3C7F2 /* PBXContainerItemProxy */;
		};
		6DF11BBF200930F900A3C7F2 /* PBXTargetDependency */ = {
			isa = PBXTargetDependency;
			target = 6DF11B9D200930F900A3C7F2 /* FlattenMyArray */;
			targetProxy = 6DF11BBE200930F900A3C7F2 /* PBXContainerItemProxy */;
		};
/* End PBXTargetDependency section */

/* Begin PBXVariantGroup section */
		6DF11BA5200930F900A3C7F2 /* Main.storyboard */ = {
			isa = PBXVariantGroup;
			children = (
				6DF11BA6200930F900A3C7F2 /* Base */,
			);
			name = Main.storyboard;
			sourceTree = "<group>";
		};
		6DF11BAA200930F900A3C7F2 /* LaunchScreen.storyboard */ = {
			isa = PBXVariantGroup;
			children = (
				6DF11BAB200930F900A3C7F2 /* Base */,
			);
			name = LaunchScreen.storyboard;
			sourceTree = "<group>";
		};
/* End PBXVariantGroup section */

/* Begin XCBuildConfiguration section */
		6DF11BC4200930F900A3C7F2 /* Debug */ = {
			isa = XCBuildConfiguration;
			buildSettings = {
				ALWAYS_SEARCH_USER_PATHS = NO;
				CLANG_ANALYZER_NONNULL = YES;
				CLANG_ANALYZER_NUMBER_OBJECT_CONVERSION = YES_AGGRESSIVE;
				CLANG_CXX_LANGUAGE_STANDARD = "gnu++14";
				CLANG_CXX_LIBRARY = "libc++";
				CLANG_ENABLE_MODULES = YES;
				CLANG_ENABLE_OBJC_ARC = YES;
				CLANG_WARN_BLOCK_CAPTURE_AUTORELEASING = YES;
				CLANG_WARN_BOOL_CONVERSION = YES;
				CLANG_WARN_COMMA = YES;
				CLANG_WARN_CONSTANT_CONVERSION = YES;
				CLANG_WARN_DIRECT_OBJC_ISA_USAGE = YES_ERROR;
				CLANG_WARN_DOCUMENTATION_COMMENTS = YES;
				CLANG_WARN_EMPTY_BODY = YES;
				CLANG_WARN_ENUM_CONVERSION = YES;
				CLANG_WARN_INFINITE_RECURSION = YES;
				CLANG_WARN_INT_CONVERSION = YES;
				CLANG_WARN_NON_LITERAL_NULL_CONVERSION = YES;
				CLANG_WARN_OBJC_LITERAL_CONVERSION = YES;
				CLANG_WARN_OBJC_ROOT_CLASS = YES_ERROR;
				CLANG_WARN_RANGE_LOOP_ANALYSIS = YES;
				CLANG_WARN_STRICT_PROTOTYPES = YES;
				CLANG_WARN_SUSPICIOUS_MOVE = YES;
				CLANG_WARN_UNGUARDED_AVAILABILITY = YES_AGGRESSIVE;
				CLANG_WARN_UNREACHABLE_CODE = YES;
				CLANG_WARN__DUPLICATE_METHOD_MATCH = YES;
				CODE_SIGN_IDENTITY = "iPhone Developer";
				COPY_PHASE_STRIP = NO;
				DEBUG_INFORMATION_FORMAT = dwarf;
				ENABLE_STRICT_OBJC_MSGSEND = YES;
				ENABLE_TESTABILITY = YES;
				GCC_C_LANGUAGE_STANDARD = gnu11;
				GCC_DYNAMIC_NO_PIC = NO;
				GCC_NO_COMMON_BLOCKS = YES;
				GCC_OPTIMIZATION_LEVEL = 0;
				GCC_PREPROCESSOR_DEFINITIONS = (
					"DEBUG=1",
					"$(inherited)",
				);
				GCC_WARN_64_TO_32_BIT_CONVERSION = YES;
				GCC_WARN_ABOUT_RETURN_TYPE = YES_ERROR;
				GCC_WARN_UNDECLARED_SELECTOR = YES;
				GCC_WARN_UNINITIALIZED_AUTOS = YES_AGGRESSIVE;
				GCC_WARN_UNUSED_FUNCTION = YES;
				GCC_WARN_UNUSED_VARIABLE = YES;
				IPHONEOS_DEPLOYMENT_TARGET = 11.2;
				MTL_ENABLE_DEBUG_INFO = YES;
				ONLY_ACTIVE_ARCH = YES;
				SDKROOT = iphoneos;
				SWIFT_ACTIVE_COMPILATION_CONDITIONS = DEBUG;
				SWIFT_OPTIMIZATION_LEVEL = "-Onone";
			};
			name = Debug;
		};
		6DF11BC5200930F900A3C7F2 /* Release */ = {
			isa = XCBuildConfiguration;
			buildSettings = {
				ALWAYS_SEARCH_USER_PATHS = NO;
				CLANG_ANALYZER_NONNULL = YES;
				CLANG_ANALYZER_NUMBER_OBJECT_CONVERSION = YES_AGGRESSIVE;
				CLANG_CXX_LANGUAGE_STANDARD = "gnu++14";
				CLANG_CXX_LIBRARY = "libc++";
				CLANG_ENABLE_MODULES = YES;
				CLANG_ENABLE_OBJC_ARC = YES;
				CLANG_WARN_BLOCK_CAPTURE_AUTORELEASING = YES;
				CLANG_WARN_BOOL_CONVERSION = YES;
				CLANG_WARN_COMMA = YES;
				CLANG_WARN_CONSTANT_CONVERSION = YES;
				CLANG_WARN_DIRECT_OBJC_ISA_USAGE = YES_ERROR;
				CLANG_WARN_DOCUMENTATION_COMMENTS = YES;
				CLANG_WARN_EMPTY_BODY = YES;
				CLANG_WARN_ENUM_CONVERSION = YES;
				CLANG_WARN_INFINITE_RECURSION = YES;
				CLANG_WARN_INT_CONVERSION = YES;
				CLANG_WARN_NON_LITERAL_NULL_CONVERSION = YES;
				CLANG_WARN_OBJC_LITERAL_CONVERSION = YES;
				CLANG_WARN_OBJC_ROOT_CLASS = YES_ERROR;
				CLANG_WARN_RANGE_LOOP_ANALYSIS = YES;
				CLANG_WARN_STRICT_PROTOTYPES = YES;
				CLANG_WARN_SUSPICIOUS_MOVE = YES;
				CLANG_WARN_UNGUARDED_AVAILABILITY = YES_AGGRESSIVE;
				CLANG_WARN_UNREACHABLE_CODE = YES;
				CLANG_WARN__DUPLICATE_METHOD_MATCH = YES;
				CODE_SIGN_IDENTITY = "iPhone Developer";
				COPY_PHASE_STRIP = NO;
				DEBUG_INFORMATION_FORMAT = "dwarf-with-dsym";
				ENABLE_NS_ASSERTIONS = NO;
				ENABLE_STRICT_OBJC_MSGSEND = YES;
				GCC_C_LANGUAGE_STANDARD = gnu11;
				GCC_NO_COMMON_BLOCKS = YES;
				GCC_WARN_64_TO_32_BIT_CONVERSION = YES;
				GCC_WARN_ABOUT_RETURN_TYPE = YES_ERROR;
				GCC_WARN_UNDECLARED_SELECTOR = YES;
				GCC_WARN_UNINITIALIZED_AUTOS = YES_AGGRESSIVE;
				GCC_WARN_UNUSED_FUNCTION = YES;
				GCC_WARN_UNUSED_VARIABLE = YES;
				IPHONEOS_DEPLOYMENT_TARGET = 11.2;
				MTL_ENABLE_DEBUG_INFO = NO;
				SDKROOT = iphoneos;
				SWIFT_OPTIMIZATION_LEVEL = "-Owholemodule";
				VALIDATE_PRODUCT = YES;
			};
			name = Release;
		};
		6DF11BC7200930F900A3C7F2 /* Debug */ = {
			isa = XCBuildConfiguration;
			buildSettings = {
				ASSETCATALOG_COMPILER_APPICON_NAME = AppIcon;
				CODE_SIGN_STYLE = Automatic;
				DEVELOPMENT_TEAM = 75TPSA9U6F;
				INFOPLIST_FILE = FlattenMyArray/Info.plist;
				LD_RUNPATH_SEARCH_PATHS = "$(inherited) @executable_path/Frameworks";
				PRODUCT_BUNDLE_IDENTIFIER = com.asilerguner.FlattenMyArray;
				PRODUCT_NAME = "$(TARGET_NAME)";
				SWIFT_VERSION = 4.0;
				TARGETED_DEVICE_FAMILY = "1,2";
			};
			name = Debug;
		};
		6DF11BC8200930F900A3C7F2 /* Release */ = {
			isa = XCBuildConfiguration;
			buildSettings = {
				ASSETCATALOG_COMPILER_APPICON_NAME = AppIcon;
				CODE_SIGN_STYLE = Automatic;
				DEVELOPMENT_TEAM = 75TPSA9U6F;
				INFOPLIST_FILE = FlattenMyArray/Info.plist;
				LD_RUNPATH_SEARCH_PATHS = "$(inherited) @executable_path/Frameworks";
				PRODUCT_BUNDLE_IDENTIFIER = com.asilerguner.FlattenMyArray;
				PRODUCT_NAME = "$(TARGET_NAME)";
				SWIFT_VERSION = 4.0;
				TARGETED_DEVICE_FAMILY = "1,2";
			};
			name = Release;
		};
		6DF11BCA200930F900A3C7F2 /* Debug */ = {
			isa = XCBuildConfiguration;
			buildSettings = {
				ALWAYS_EMBED_SWIFT_STANDARD_LIBRARIES = YES;
				BUNDLE_LOADER = "$(TEST_HOST)";
				CODE_SIGN_STYLE = Automatic;
				DEVELOPMENT_TEAM = 75TPSA9U6F;
				INFOPLIST_FILE = FlattenMyArrayTests/Info.plist;
				LD_RUNPATH_SEARCH_PATHS = "$(inherited) @executable_path/Frameworks @loader_path/Frameworks";
				PRODUCT_BUNDLE_IDENTIFIER = com.asilerguner.FlattenMyArrayTests;
				PRODUCT_NAME = "$(TARGET_NAME)";
				SWIFT_VERSION = 4.0;
				TARGETED_DEVICE_FAMILY = "1,2";
				TEST_HOST = "$(BUILT_PRODUCTS_DIR)/FlattenMyArray.app/FlattenMyArray";
			};
			name = Debug;
		};
		6DF11BCB200930F900A3C7F2 /* Release */ = {
			isa = XCBuildConfiguration;
			buildSettings = {
				ALWAYS_EMBED_SWIFT_STANDARD_LIBRARIES = YES;
				BUNDLE_LOADER = "$(TEST_HOST)";
				CODE_SIGN_STYLE = Automatic;
				DEVELOPMENT_TEAM = 75TPSA9U6F;
				INFOPLIST_FILE = FlattenMyArrayTests/Info.plist;
				LD_RUNPATH_SEARCH_PATHS = "$(inherited) @executable_path/Frameworks @loader_path/Frameworks";
				PRODUCT_BUNDLE_IDENTIFIER = com.asilerguner.FlattenMyArrayTests;
				PRODUCT_NAME = "$(TARGET_NAME)";
				SWIFT_VERSION = 4.0;
				TARGETED_DEVICE_FAMILY = "1,2";
				TEST_HOST = "$(BUILT_PRODUCTS_DIR)/FlattenMyArray.app/FlattenMyArray";
			};
			name = Release;
		};
		6DF11BCD200930F900A3C7F2 /* Debug */ = {
			isa = XCBuildConfiguration;
			buildSettings = {
				ALWAYS_EMBED_SWIFT_STANDARD_LIBRARIES = YES;
				CODE_SIGN_STYLE = Automatic;
				DEVELOPMENT_TEAM = 75TPSA9U6F;
				INFOPLIST_FILE = FlattenMyArrayUITests/Info.plist;
				LD_RUNPATH_SEARCH_PATHS = "$(inherited) @executable_path/Frameworks @loader_path/Frameworks";
				PRODUCT_BUNDLE_IDENTIFIER = com.asilerguner.FlattenMyArrayUITests;
				PRODUCT_NAME = "$(TARGET_NAME)";
				SWIFT_VERSION = 4.0;
				TARGETED_DEVICE_FAMILY = "1,2";
				TEST_TARGET_NAME = FlattenMyArray;
			};
			name = Debug;
		};
		6DF11BCE200930F900A3C7F2 /* Release */ = {
			isa = XCBuildConfiguration;
			buildSettings = {
				ALWAYS_EMBED_SWIFT_STANDARD_LIBRARIES = YES;
				CODE_SIGN_STYLE = Automatic;
				DEVELOPMENT_TEAM = 75TPSA9U6F;
				INFOPLIST_FILE = FlattenMyArrayUITests/Info.plist;
				LD_RUNPATH_SEARCH_PATHS = "$(inherited) @executable_path/Frameworks @loader_path/Frameworks";
				PRODUCT_BUNDLE_IDENTIFIER = com.asilerguner.FlattenMyArrayUITests;
				PRODUCT_NAME = "$(TARGET_NAME)";
				SWIFT_VERSION = 4.0;
				TARGETED_DEVICE_FAMILY = "1,2";
				TEST_TARGET_NAME = FlattenMyArray;
			};
			name = Release;
		};
/* End XCBuildConfiguration section */

/* Begin XCConfigurationList section */
		6DF11B99200930F900A3C7F2 /* Build configuration list for PBXProject "FlattenMyArray" */ = {
			isa = XCConfigurationList;
			buildConfigurations = (
				6DF11BC4200930F900A3C7F2 /* Debug */,
				6DF11BC5200930F900A3C7F2 /* Release */,
			);
			defaultConfigurationIsVisible = 0;
			defaultConfigurationName = Release;
		};
		6DF11BC6200930F900A3C7F2 /* Build configuration list for PBXNativeTarget "FlattenMyArray" */ = {
			isa = XCConfigurationList;
			buildConfigurations = (
				6DF11BC7200930F900A3C7F2 /* Debug */,
				6DF11BC8200930F900A3C7F2 /* Release */,
			);
			defaultConfigurationIsVisible = 0;
			defaultConfigurationName = Release;
		};
		6DF11BC9200930F900A3C7F2 /* Build configuration list for PBXNativeTarget "FlattenMyArrayTests" */ = {
			isa = XCConfigurationList;
			buildConfigurations = (
				6DF11BCA200930F900A3C7F2 /* Debug */,
				6DF11BCB200930F900A3C7F2 /* Release */,
			);
			defaultConfigurationIsVisible = 0;
			defaultConfigurationName = Release;
		};
		6DF11BCC200930F900A3C7F2 /* Build configuration list for PBXNativeTarget "FlattenMyArrayUITests" */ = {
			isa = XCConfigurationList;
			buildConfigurations = (
				6DF11BCD200930F900A3C7F2 /* Debug */,
				6DF11BCE200930F900A3C7F2 /* Release */,
			);
			defaultConfigurationIsVisible = 0;
			defaultConfigurationName = Release;
		};
/* End XCConfigurationList section */
	};
	rootObject = 6DF11B96200930F900A3C7F2 /* Project object */;
}
